
Microsoft Visual Studio Solution File, Format Version 12.00
# Visual Studio Version 17
VisualStudioVersion = 17.5.33530.505
MinimumVisualStudioVersion = 10.0.40219.1
Project("{FAE04EC0-301F-11D3-BF4B-00C04F79EFBC}") = "Bilet1", "Bilet1.csproj", "{ED5D8B18-524C-4838-AB67-BE55B9158249}"
EndProject
Global
	GlobalSection(SolutionConfigurationPlatforms) = preSolution
		Debug|Any CPU = Debug|Any CPU
		Release|Any CPU = Release|Any CPU
	EndGlobalSection
	GlobalSection(ProjectConfigurationPlatforms) = postSolution
		{ED5D8B18-524C-4838-AB67-BE55B9158249}.Debug|Any CPU.ActiveCfg = Debug|Any CPU
		{ED5D8B18-524C-4838-AB67-BE55B9158249}.Debug|Any CPU.Build.0 = Debug|Any CPU
		{ED5D8B18-524C-4838-AB67-BE55B9158249}.Release|Any CPU.ActiveCfg = Release|Any CPU
		{ED5D8B18-524C-4838-AB67-BE55B9158249}.Release|Any CPU.Build.0 = Release|Any CPU
	EndGlobalSection
	GlobalSection(SolutionProperties) = preSolution
		HideSolutionNode = FALSE
	EndGlobalSection
	GlobalSection(ExtensibilityGlobals) = postSolution
		SolutionGuid = {EAB2F6BA-CFC0-40E1-A415-0087CE5AD452}
	EndGlobalSection
EndGlobal
