
Microsoft Visual Studio Solution File, Format Version 12.00
# Visual Studio Version 17
VisualStudioVersion = 17.5.33530.505
MinimumVisualStudioVersion = 10.0.40219.1
Project("{FAE04EC0-301F-11D3-BF4B-00C04F79EFBC}") = "Exception_Reflection", "Exception_Reflection.csproj", "{42DDD00F-A47F-4FB1-8148-BA23C11B867A}"
EndProject
Global
	GlobalSection(SolutionConfigurationPlatforms) = preSolution
		Debug|Any CPU = Debug|Any CPU
		Release|Any CPU = Release|Any CPU
	EndGlobalSection
	GlobalSection(ProjectConfigurationPlatforms) = postSolution
		{42DDD00F-A47F-4FB1-8148-BA23C11B867A}.Debug|Any CPU.ActiveCfg = Debug|Any CPU
		{42DDD00F-A47F-4FB1-8148-BA23C11B867A}.Debug|Any CPU.Build.0 = Debug|Any CPU
		{42DDD00F-A47F-4FB1-8148-BA23C11B867A}.Release|Any CPU.ActiveCfg = Release|Any CPU
		{42DDD00F-A47F-4FB1-8148-BA23C11B867A}.Release|Any CPU.Build.0 = Release|Any CPU
	EndGlobalSection
	GlobalSection(SolutionProperties) = preSolution
		HideSolutionNode = FALSE
	EndGlobalSection
	GlobalSection(ExtensibilityGlobals) = postSolution
		SolutionGuid = {79709B1B-1813-4DF9-AB28-FA7162C729E2}
	EndGlobalSection
EndGlobal
