
Microsoft Visual Studio Solution File, Format Version 12.00
# Visual Studio Version 17
VisualStudioVersion = 17.5.33414.496
MinimumVisualStudioVersion = 10.0.40219.1
Project("{FAE04EC0-301F-11D3-BF4B-00C04F79EFBC}") = "String_StringBuilder_Array", "String_StringBuilder_Array.csproj", "{113AF03F-4F24-4EB4-A9EE-644DBB5BA391}"
EndProject
Global
	GlobalSection(SolutionConfigurationPlatforms) = preSolution
		Debug|Any CPU = Debug|Any CPU
		Release|Any CPU = Release|Any CPU
	EndGlobalSection
	GlobalSection(ProjectConfigurationPlatforms) = postSolution
		{113AF03F-4F24-4EB4-A9EE-644DBB5BA391}.Debug|Any CPU.ActiveCfg = Debug|Any CPU
		{113AF03F-4F24-4EB4-A9EE-644DBB5BA391}.Debug|Any CPU.Build.0 = Debug|Any CPU
		{113AF03F-4F24-4EB4-A9EE-644DBB5BA391}.Release|Any CPU.ActiveCfg = Release|Any CPU
		{113AF03F-4F24-4EB4-A9EE-644DBB5BA391}.Release|Any CPU.Build.0 = Release|Any CPU
	EndGlobalSection
	GlobalSection(SolutionProperties) = preSolution
		HideSolutionNode = FALSE
	EndGlobalSection
	GlobalSection(ExtensibilityGlobals) = postSolution
		SolutionGuid = {A596ACA4-E67A-46F3-BA26-E723B1E0E6F6}
	EndGlobalSection
EndGlobal
