
Microsoft Visual Studio Solution File, Format Version 12.00
# Visual Studio Version 17
VisualStudioVersion = 17.5.33530.505
MinimumVisualStudioVersion = 10.0.40219.1
Project("{FAE04EC0-301F-11D3-BF4B-00C04F79EFBC}") = "WebApiAB201Net3", "WebApiAB201Net3.csproj", "{12B12F3B-2878-434D-AD56-A86D3CECD9B9}"
EndProject
Global
	GlobalSection(SolutionConfigurationPlatforms) = preSolution
		Debug|Any CPU = Debug|Any CPU
		Release|Any CPU = Release|Any CPU
	EndGlobalSection
	GlobalSection(ProjectConfigurationPlatforms) = postSolution
		{12B12F3B-2878-434D-AD56-A86D3CECD9B9}.Debug|Any CPU.ActiveCfg = Debug|Any CPU
		{12B12F3B-2878-434D-AD56-A86D3CECD9B9}.Debug|Any CPU.Build.0 = Debug|Any CPU
		{12B12F3B-2878-434D-AD56-A86D3CECD9B9}.Release|Any CPU.ActiveCfg = Release|Any CPU
		{12B12F3B-2878-434D-AD56-A86D3CECD9B9}.Release|Any CPU.Build.0 = Release|Any CPU
	EndGlobalSection
	GlobalSection(SolutionProperties) = preSolution
		HideSolutionNode = FALSE
	EndGlobalSection
	GlobalSection(ExtensibilityGlobals) = postSolution
		SolutionGuid = {CDF4CF2B-D131-47DD-BC69-AEACFCFA913D}
	EndGlobalSection
EndGlobal
